
Microsoft Visual Studio Solution File, Format Version 12.00
# Visual Studio Version 17
VisualStudioVersion = 17.2.32630.192
MinimumVisualStudioVersion = 10.0.40219.1
Project("{9A19103F-16F7-4668-BE54-9A1E7A4F7556}") = "R5T.S0054", "R5T.S0054\R5T.S0054.csproj", "{8585B949-442E-445B-B412-71F4A00D75A3}"
EndProject
Project("{2150E333-8FDC-42A3-9474-1A3956D46DE8}") = "_Dependencies", "_Dependencies", "{EC7220EE-3CF7-4E60-9182-72AB39B0F078}"
EndProject
Project("{9A19103F-16F7-4668-BE54-9A1E7A4F7556}") = "R5T.F0024", "..\..\R5T.F0024\source\R5T.F0024\R5T.F0024.csproj", "{DCB82793-765D-428B-ACE4-BA1729E49554}"
EndProject
Project("{9A19103F-16F7-4668-BE54-9A1E7A4F7556}") = "R5T.F0085", "..\..\R5T.F0085\source\R5T.F0085\R5T.F0085.csproj", "{E0742501-D82C-4464-9C98-68F402BB57B6}"
EndProject
Project("{9A19103F-16F7-4668-BE54-9A1E7A4F7556}") = "R5T.Z0019", "..\..\R5T.Z0019\source\R5T.Z0019\R5T.Z0019.csproj", "{0BE2607A-C182-44C4-B8BA-4E174A084D07}"
EndProject
Project("{9A19103F-16F7-4668-BE54-9A1E7A4F7556}") = "R5T.F0033", "..\..\R5T.F0033\source\R5T.F0033\R5T.F0033.csproj", "{5D16E822-13B9-44B0-9511-F4533EA2435F}"
EndProject
Project("{9A19103F-16F7-4668-BE54-9A1E7A4F7556}") = "R5T.F0000", "..\..\R5T.F0000\source\R5T.F0000\R5T.F0000.csproj", "{42C1F61E-9926-4D1A-938A-5BB285003787}"
EndProject
Project("{9A19103F-16F7-4668-BE54-9A1E7A4F7556}") = "R5T.F0002", "..\..\R5T.F0002\source\R5T.F0002\R5T.F0002.csproj", "{AD03A685-1E60-443F-843E-D58D25510DAB}"
EndProject
Project("{9A19103F-16F7-4668-BE54-9A1E7A4F7556}") = "R5T.F0024.T001", "..\..\R5T.F0024\source\R5T.F0024.T001\R5T.F0024.T001.csproj", "{590F82AA-08C3-402E-B09C-59734DE16FD0}"
EndProject
Project("{9A19103F-16F7-4668-BE54-9A1E7A4F7556}") = "R5T.F0040.F000", "..\..\R5T.F0040\source\R5T.F0040.F000\R5T.F0040.F000.csproj", "{3F9052ED-3F37-4FAF-A706-32393F0C5E57}"
EndProject
Project("{9A19103F-16F7-4668-BE54-9A1E7A4F7556}") = "R5T.F0052", "..\..\R5T.F0052\source\R5T.F0052\R5T.F0052.csproj", "{AA6661FB-835E-4074-B7FF-E16B5A135CE3}"
EndProject
Project("{9A19103F-16F7-4668-BE54-9A1E7A4F7556}") = "R5T.F0053", "..\..\R5T.F0053\source\R5T.F0053\R5T.F0053.csproj", "{33E4DC20-E3C4-4C11-B5F4-8222F631C98F}"
EndProject
Project("{9A19103F-16F7-4668-BE54-9A1E7A4F7556}") = "R5T.F0054", "..\..\R5T.F0054\source\R5T.F0054\R5T.F0054.csproj", "{A95B155D-48E4-4AE5-9089-D22229DF1BB7}"
EndProject
Project("{9A19103F-16F7-4668-BE54-9A1E7A4F7556}") = "R5T.T0131", "..\..\R5T.T0131\source\R5T.T0131\R5T.T0131.csproj", "{DA1412A1-0EF2-4BCF-B638-07EA8E9C7CF5}"
EndProject
Project("{9A19103F-16F7-4668-BE54-9A1E7A4F7556}") = "R5T.T0132", "..\..\R5T.T0132\source\R5T.T0132\R5T.T0132.csproj", "{426ED58A-CDB2-4CD2-8F61-E035E0514809}"
EndProject
Project("{9A19103F-16F7-4668-BE54-9A1E7A4F7556}") = "R5T.T0142", "..\..\R5T.T0142\source\R5T.T0142\R5T.T0142.csproj", "{1F2568F9-8D5C-4210-8E59-5A654E6EBE15}"
EndProject
Project("{9A19103F-16F7-4668-BE54-9A1E7A4F7556}") = "R5T.T0143", "..\..\R5T.T0143\source\R5T.T0143\R5T.T0143.csproj", "{2A0E86A8-C3F1-41B2-A1E9-71A1A3635387}"
EndProject
Project("{9A19103F-16F7-4668-BE54-9A1E7A4F7556}") = "R5T.Y0000", "..\..\R5T.Y0000\source\R5T.Y0000\R5T.Y0000.csproj", "{E835DFCF-2221-42A7-B08D-F5CE57AD0AE8}"
EndProject
Project("{9A19103F-16F7-4668-BE54-9A1E7A4F7556}") = "R5T.Z0000", "..\..\R5T.Z0000\source\R5T.Z0000\R5T.Z0000.csproj", "{2BFC9A4C-9FEF-493C-BBD3-002233338004}"
EndProject
Project("{9A19103F-16F7-4668-BE54-9A1E7A4F7556}") = "R5T.Z0009", "..\..\R5T.Z0009\source\R5T.Z0009\R5T.Z0009.csproj", "{A8A6E1CA-DC87-4F6E-8CE0-C5B8861329F1}"
EndProject
Project("{9A19103F-16F7-4668-BE54-9A1E7A4F7556}") = "R5T.Z0015", "..\..\R5T.Z0015\source\R5T.Z0015\R5T.Z0015.csproj", "{0E265F3B-7240-46F9-9EEC-7FCD88B2C49F}"
EndProject
Global
	GlobalSection(NestedProjects) = preSolution
		{DCB82793-765D-428B-ACE4-BA1729E49554} = {EC7220EE-3CF7-4E60-9182-72AB39B0F078}
		{E0742501-D82C-4464-9C98-68F402BB57B6} = {EC7220EE-3CF7-4E60-9182-72AB39B0F078}
		{0BE2607A-C182-44C4-B8BA-4E174A084D07} = {EC7220EE-3CF7-4E60-9182-72AB39B0F078}
		{5D16E822-13B9-44B0-9511-F4533EA2435F} = {EC7220EE-3CF7-4E60-9182-72AB39B0F078}
		{42C1F61E-9926-4D1A-938A-5BB285003787} = {EC7220EE-3CF7-4E60-9182-72AB39B0F078}
		{AD03A685-1E60-443F-843E-D58D25510DAB} = {EC7220EE-3CF7-4E60-9182-72AB39B0F078}
		{590F82AA-08C3-402E-B09C-59734DE16FD0} = {EC7220EE-3CF7-4E60-9182-72AB39B0F078}
		{3F9052ED-3F37-4FAF-A706-32393F0C5E57} = {EC7220EE-3CF7-4E60-9182-72AB39B0F078}
		{AA6661FB-835E-4074-B7FF-E16B5A135CE3} = {EC7220EE-3CF7-4E60-9182-72AB39B0F078}
		{33E4DC20-E3C4-4C11-B5F4-8222F631C98F} = {EC7220EE-3CF7-4E60-9182-72AB39B0F078}
		{A95B155D-48E4-4AE5-9089-D22229DF1BB7} = {EC7220EE-3CF7-4E60-9182-72AB39B0F078}
		{DA1412A1-0EF2-4BCF-B638-07EA8E9C7CF5} = {EC7220EE-3CF7-4E60-9182-72AB39B0F078}
		{426ED58A-CDB2-4CD2-8F61-E035E0514809} = {EC7220EE-3CF7-4E60-9182-72AB39B0F078}
		{1F2568F9-8D5C-4210-8E59-5A654E6EBE15} = {EC7220EE-3CF7-4E60-9182-72AB39B0F078}
		{2A0E86A8-C3F1-41B2-A1E9-71A1A3635387} = {EC7220EE-3CF7-4E60-9182-72AB39B0F078}
		{E835DFCF-2221-42A7-B08D-F5CE57AD0AE8} = {EC7220EE-3CF7-4E60-9182-72AB39B0F078}
		{2BFC9A4C-9FEF-493C-BBD3-002233338004} = {EC7220EE-3CF7-4E60-9182-72AB39B0F078}
		{A8A6E1CA-DC87-4F6E-8CE0-C5B8861329F1} = {EC7220EE-3CF7-4E60-9182-72AB39B0F078}
		{0E265F3B-7240-46F9-9EEC-7FCD88B2C49F} = {EC7220EE-3CF7-4E60-9182-72AB39B0F078}
	EndGlobalSection
	GlobalSection(SolutionConfigurationPlatforms) = preSolution
		Debug|Any CPU = Debug|Any CPU
		Release|Any CPU = Release|Any CPU
	EndGlobalSection
	GlobalSection(ProjectConfigurationPlatforms) = postSolution
		{8585B949-442E-445B-B412-71F4A00D75A3}.Debug|Any CPU.ActiveCfg = Debug|Any CPU
		{8585B949-442E-445B-B412-71F4A00D75A3}.Debug|Any CPU.Build.0 = Debug|Any CPU
		{8585B949-442E-445B-B412-71F4A00D75A3}.Release|Any CPU.ActiveCfg = Release|Any CPU
		{8585B949-442E-445B-B412-71F4A00D75A3}.Release|Any CPU.Build.0 = Release|Any CPU
		{DCB82793-765D-428B-ACE4-BA1729E49554}.Debug|Any CPU.ActiveCfg = Debug|Any CPU
		{DCB82793-765D-428B-ACE4-BA1729E49554}.Debug|Any CPU.Build.0 = Debug|Any CPU
		{DCB82793-765D-428B-ACE4-BA1729E49554}.Release|Any CPU.ActiveCfg = Release|Any CPU
		{DCB82793-765D-428B-ACE4-BA1729E49554}.Release|Any CPU.Build.0 = Release|Any CPU
		{E0742501-D82C-4464-9C98-68F402BB57B6}.Debug|Any CPU.ActiveCfg = Debug|Any CPU
		{E0742501-D82C-4464-9C98-68F402BB57B6}.Debug|Any CPU.Build.0 = Debug|Any CPU
		{E0742501-D82C-4464-9C98-68F402BB57B6}.Release|Any CPU.ActiveCfg = Release|Any CPU
		{E0742501-D82C-4464-9C98-68F402BB57B6}.Release|Any CPU.Build.0 = Release|Any CPU
		{0BE2607A-C182-44C4-B8BA-4E174A084D07}.Debug|Any CPU.ActiveCfg = Debug|Any CPU
		{0BE2607A-C182-44C4-B8BA-4E174A084D07}.Debug|Any CPU.Build.0 = Debug|Any CPU
		{0BE2607A-C182-44C4-B8BA-4E174A084D07}.Release|Any CPU.ActiveCfg = Release|Any CPU
		{0BE2607A-C182-44C4-B8BA-4E174A084D07}.Release|Any CPU.Build.0 = Release|Any CPU
		{5D16E822-13B9-44B0-9511-F4533EA2435F}.Debug|Any CPU.ActiveCfg = Debug|Any CPU
		{5D16E822-13B9-44B0-9511-F4533EA2435F}.Debug|Any CPU.Build.0 = Debug|Any CPU
		{5D16E822-13B9-44B0-9511-F4533EA2435F}.Release|Any CPU.ActiveCfg = Release|Any CPU
		{5D16E822-13B9-44B0-9511-F4533EA2435F}.Release|Any CPU.Build.0 = Release|Any CPU
		{42C1F61E-9926-4D1A-938A-5BB285003787}.Debug|Any CPU.ActiveCfg = Debug|Any CPU
		{42C1F61E-9926-4D1A-938A-5BB285003787}.Debug|Any CPU.Build.0 = Debug|Any CPU
		{42C1F61E-9926-4D1A-938A-5BB285003787}.Release|Any CPU.ActiveCfg = Release|Any CPU
		{42C1F61E-9926-4D1A-938A-5BB285003787}.Release|Any CPU.Build.0 = Release|Any CPU
		{AD03A685-1E60-443F-843E-D58D25510DAB}.Debug|Any CPU.ActiveCfg = Debug|Any CPU
		{AD03A685-1E60-443F-843E-D58D25510DAB}.Debug|Any CPU.Build.0 = Debug|Any CPU
		{AD03A685-1E60-443F-843E-D58D25510DAB}.Release|Any CPU.ActiveCfg = Release|Any CPU
		{AD03A685-1E60-443F-843E-D58D25510DAB}.Release|Any CPU.Build.0 = Release|Any CPU
		{590F82AA-08C3-402E-B09C-59734DE16FD0}.Debug|Any CPU.ActiveCfg = Debug|Any CPU
		{590F82AA-08C3-402E-B09C-59734DE16FD0}.Debug|Any CPU.Build.0 = Debug|Any CPU
		{590F82AA-08C3-402E-B09C-59734DE16FD0}.Release|Any CPU.ActiveCfg = Release|Any CPU
		{590F82AA-08C3-402E-B09C-59734DE16FD0}.Release|Any CPU.Build.0 = Release|Any CPU
		{3F9052ED-3F37-4FAF-A706-32393F0C5E57}.Debug|Any CPU.ActiveCfg = Debug|Any CPU
		{3F9052ED-3F37-4FAF-A706-32393F0C5E57}.Debug|Any CPU.Build.0 = Debug|Any CPU
		{3F9052ED-3F37-4FAF-A706-32393F0C5E57}.Release|Any CPU.ActiveCfg = Release|Any CPU
		{3F9052ED-3F37-4FAF-A706-32393F0C5E57}.Release|Any CPU.Build.0 = Release|Any CPU
		{AA6661FB-835E-4074-B7FF-E16B5A135CE3}.Debug|Any CPU.ActiveCfg = Debug|Any CPU
		{AA6661FB-835E-4074-B7FF-E16B5A135CE3}.Debug|Any CPU.Build.0 = Debug|Any CPU
		{AA6661FB-835E-4074-B7FF-E16B5A135CE3}.Release|Any CPU.ActiveCfg = Release|Any CPU
		{AA6661FB-835E-4074-B7FF-E16B5A135CE3}.Release|Any CPU.Build.0 = Release|Any CPU
		{33E4DC20-E3C4-4C11-B5F4-8222F631C98F}.Debug|Any CPU.ActiveCfg = Debug|Any CPU
		{33E4DC20-E3C4-4C11-B5F4-8222F631C98F}.Debug|Any CPU.Build.0 = Debug|Any CPU
		{33E4DC20-E3C4-4C11-B5F4-8222F631C98F}.Release|Any CPU.ActiveCfg = Release|Any CPU
		{33E4DC20-E3C4-4C11-B5F4-8222F631C98F}.Release|Any CPU.Build.0 = Release|Any CPU
		{A95B155D-48E4-4AE5-9089-D22229DF1BB7}.Debug|Any CPU.ActiveCfg = Debug|Any CPU
		{A95B155D-48E4-4AE5-9089-D22229DF1BB7}.Debug|Any CPU.Build.0 = Debug|Any CPU
		{A95B155D-48E4-4AE5-9089-D22229DF1BB7}.Release|Any CPU.ActiveCfg = Release|Any CPU
		{A95B155D-48E4-4AE5-9089-D22229DF1BB7}.Release|Any CPU.Build.0 = Release|Any CPU
		{DA1412A1-0EF2-4BCF-B638-07EA8E9C7CF5}.Debug|Any CPU.ActiveCfg = Debug|Any CPU
		{DA1412A1-0EF2-4BCF-B638-07EA8E9C7CF5}.Debug|Any CPU.Build.0 = Debug|Any CPU
		{DA1412A1-0EF2-4BCF-B638-07EA8E9C7CF5}.Release|Any CPU.ActiveCfg = Release|Any CPU
		{DA1412A1-0EF2-4BCF-B638-07EA8E9C7CF5}.Release|Any CPU.Build.0 = Release|Any CPU
		{426ED58A-CDB2-4CD2-8F61-E035E0514809}.Debug|Any CPU.ActiveCfg = Debug|Any CPU
		{426ED58A-CDB2-4CD2-8F61-E035E0514809}.Debug|Any CPU.Build.0 = Debug|Any CPU
		{426ED58A-CDB2-4CD2-8F61-E035E0514809}.Release|Any CPU.ActiveCfg = Release|Any CPU
		{426ED58A-CDB2-4CD2-8F61-E035E0514809}.Release|Any CPU.Build.0 = Release|Any CPU
		{1F2568F9-8D5C-4210-8E59-5A654E6EBE15}.Debug|Any CPU.ActiveCfg = Debug|Any CPU
		{1F2568F9-8D5C-4210-8E59-5A654E6EBE15}.Debug|Any CPU.Build.0 = Debug|Any CPU
		{1F2568F9-8D5C-4210-8E59-5A654E6EBE15}.Release|Any CPU.ActiveCfg = Release|Any CPU
		{1F2568F9-8D5C-4210-8E59-5A654E6EBE15}.Release|Any CPU.Build.0 = Release|Any CPU
		{2A0E86A8-C3F1-41B2-A1E9-71A1A3635387}.Debug|Any CPU.ActiveCfg = Debug|Any CPU
		{2A0E86A8-C3F1-41B2-A1E9-71A1A3635387}.Debug|Any CPU.Build.0 = Debug|Any CPU
		{2A0E86A8-C3F1-41B2-A1E9-71A1A3635387}.Release|Any CPU.ActiveCfg = Release|Any CPU
		{2A0E86A8-C3F1-41B2-A1E9-71A1A3635387}.Release|Any CPU.Build.0 = Release|Any CPU
		{E835DFCF-2221-42A7-B08D-F5CE57AD0AE8}.Debug|Any CPU.ActiveCfg = Debug|Any CPU
		{E835DFCF-2221-42A7-B08D-F5CE57AD0AE8}.Debug|Any CPU.Build.0 = Debug|Any CPU
		{E835DFCF-2221-42A7-B08D-F5CE57AD0AE8}.Release|Any CPU.ActiveCfg = Release|Any CPU
		{E835DFCF-2221-42A7-B08D-F5CE57AD0AE8}.Release|Any CPU.Build.0 = Release|Any CPU
		{2BFC9A4C-9FEF-493C-BBD3-002233338004}.Debug|Any CPU.ActiveCfg = Debug|Any CPU
		{2BFC9A4C-9FEF-493C-BBD3-002233338004}.Debug|Any CPU.Build.0 = Debug|Any CPU
		{2BFC9A4C-9FEF-493C-BBD3-002233338004}.Release|Any CPU.ActiveCfg = Release|Any CPU
		{2BFC9A4C-9FEF-493C-BBD3-002233338004}.Release|Any CPU.Build.0 = Release|Any CPU
		{A8A6E1CA-DC87-4F6E-8CE0-C5B8861329F1}.Debug|Any CPU.ActiveCfg = Debug|Any CPU
		{A8A6E1CA-DC87-4F6E-8CE0-C5B8861329F1}.Debug|Any CPU.Build.0 = Debug|Any CPU
		{A8A6E1CA-DC87-4F6E-8CE0-C5B8861329F1}.Release|Any CPU.ActiveCfg = Release|Any CPU
		{A8A6E1CA-DC87-4F6E-8CE0-C5B8861329F1}.Release|Any CPU.Build.0 = Release|Any CPU
		{0E265F3B-7240-46F9-9EEC-7FCD88B2C49F}.Debug|Any CPU.ActiveCfg = Debug|Any CPU
		{0E265F3B-7240-46F9-9EEC-7FCD88B2C49F}.Debug|Any CPU.Build.0 = Debug|Any CPU
		{0E265F3B-7240-46F9-9EEC-7FCD88B2C49F}.Release|Any CPU.ActiveCfg = Release|Any CPU
		{0E265F3B-7240-46F9-9EEC-7FCD88B2C49F}.Release|Any CPU.Build.0 = Release|Any CPU
	EndGlobalSection
	GlobalSection(SolutionProperties) = preSolution
		HideSolutionNode = FALSE
	EndGlobalSection
	GlobalSection(ExtensibilityGlobals) = postSolution
		SolutionGuid = {90C495DA-1186-46F1-ADF8-EDD3BC50F47E}
	EndGlobalSection
EndGlobal
