
Microsoft Visual Studio Solution File, Format Version 12.00
# Visual Studio Version 17
VisualStudioVersion = 17.2.32630.192
MinimumVisualStudioVersion = 10.0.40219.1
Project("{9A19103F-16F7-4668-BE54-9A1E7A4F7556}") = "R5T.S0054", "R5T.S0054\R5T.S0054.csproj", "{8585B949-442E-445B-B412-71F4A00D75A3}"
EndProject
Project("{2150E333-8FDC-42A3-9474-1A3956D46DE8}") = "_Dependencies", "_Dependencies", "{EC7220EE-3CF7-4E60-9182-72AB39B0F078}"
EndProject
Project("{9A19103F-16F7-4668-BE54-9A1E7A4F7556}") = "R5T.F0024", "..\..\R5T.F0024\source\R5T.F0024\R5T.F0024.csproj", "{DCB82793-765D-428B-ACE4-BA1729E49554}"
EndProject
Project("{9A19103F-16F7-4668-BE54-9A1E7A4F7556}") = "R5T.F0085", "..\..\R5T.F0085\source\R5T.F0085\R5T.F0085.csproj", "{E0742501-D82C-4464-9C98-68F402BB57B6}"
EndProject
Project("{9A19103F-16F7-4668-BE54-9A1E7A4F7556}") = "R5T.Z0019", "..\..\R5T.Z0019\source\R5T.Z0019\R5T.Z0019.csproj", "{0BE2607A-C182-44C4-B8BA-4E174A084D07}"
EndProject
Project("{9A19103F-16F7-4668-BE54-9A1E7A4F7556}") = "R5T.F0033", "..\..\R5T.F0033\source\R5T.F0033\R5T.F0033.csproj", "{5D16E822-13B9-44B0-9511-F4533EA2435F}"
EndProject
Project("{9A19103F-16F7-4668-BE54-9A1E7A4F7556}") = "R5T.F0000", "..\..\R5T.F0000\source\R5T.F0000\R5T.F0000.csproj", "{42C1F61E-9926-4D1A-938A-5BB285003787}"
EndProject
Project("{9A19103F-16F7-4668-BE54-9A1E7A4F7556}") = "R5T.F0002", "..\..\R5T.F0002\source\R5T.F0002\R5T.F0002.csproj", "{AD03A685-1E60-443F-843E-D58D25510DAB}"
EndProject
Project("{9A19103F-16F7-4668-BE54-9A1E7A4F7556}") = "R5T.F0024.T001", "..\..\R5T.F0024\source\R5T.F0024.T001\R5T.F0024.T001.csproj", "{590F82AA-08C3-402E-B09C-59734DE16FD0}"
EndProject
Project("{9A19103F-16F7-4668-BE54-9A1E7A4F7556}") = "R5T.F0040.F000", "..\..\R5T.F0040\source\R5T.F0040.F000\R5T.F0040.F000.csproj", "{3F9052ED-3F37-4FAF-A706-32393F0C5E57}"
EndProject
Project("{9A19103F-16F7-4668-BE54-9A1E7A4F7556}") = "R5T.F0052", "..\..\R5T.F0052\source\R5T.F0052\R5T.F0052.csproj", "{AA6661FB-835E-4074-B7FF-E16B5A135CE3}"
EndProject
Project("{9A19103F-16F7-4668-BE54-9A1E7A4F7556}") = "R5T.F0053", "..\..\R5T.F0053\source\R5T.F0053\R5T.F0053.csproj", "{33E4DC20-E3C4-4C11-B5F4-8222F631C98F}"
EndProject
Project("{9A19103F-16F7-4668-BE54-9A1E7A4F7556}") = "R5T.F0054", "..\..\R5T.F0054\source\R5T.F0054\R5T.F0054.csproj", "{A95B155D-48E4-4AE5-9089-D22229DF1BB7}"
EndProject
Project("{9A19103F-16F7-4668-BE54-9A1E7A4F7556}") = "R5T.T0131", "..\..\R5T.T0131\source\R5T.T0131\R5T.T0131.csproj", "{DA1412A1-0EF2-4BCF-B638-07EA8E9C7CF5}"
EndProject
Project("{9A19103F-16F7-4668-BE54-9A1E7A4F7556}") = "R5T.T0132", "..\..\R5T.T0132\source\R5T.T0132\R5T.T0132.csproj", "{426ED58A-CDB2-4CD2-8F61-E035E0514809}"
EndProject
Project("{9A19103F-16F7-4668-BE54-9A1E7A4F7556}") = "R5T.T0142", "..\..\R5T.T0142\source\R5T.T0142\R5T.T0142.csproj", "{1F2568F9-8D5C-4210-8E59-5A654E6EBE15}"
EndProject
Project("{9A19103F-16F7-4668-BE54-9A1E7A4F7556}") = "R5T.T0143", "..\..\R5T.T0143\source\R5T.T0143\R5T.T0143.csproj", "{2A0E86A8-C3F1-41B2-A1E9-71A1A3635387}"
EndProject
Project("{9A19103F-16F7-4668-BE54-9A1E7A4F7556}") = "R5T.Y0000", "..\..\R5T.Y0000\source\R5T.Y0000\R5T.Y0000.csproj", "{E835DFCF-2221-42A7-B08D-F5CE57AD0AE8}"
EndProject
Project("{9A19103F-16F7-4668-BE54-9A1E7A4F7556}") = "R5T.Z0000", "..\..\R5T.Z0000\source\R5T.Z0000\R5T.Z0000.csproj", "{2BFC9A4C-9FEF-493C-BBD3-002233338004}"
EndProject
Project("{9A19103F-16F7-4668-BE54-9A1E7A4F7556}") = "R5T.Z0009", "..\..\R5T.Z0009\source\R5T.Z0009\R5T.Z0009.csproj", "{A8A6E1CA-DC87-4F6E-8CE0-C5B8861329F1}"
EndProject
Project("{9A19103F-16F7-4668-BE54-9A1E7A4F7556}") = "R5T.Z0015", "..\..\R5T.Z0015\source\R5T.Z0015\R5T.Z0015.csproj", "{0E265F3B-7240-46F9-9EEC-7FCD88B2C49F}"
EndProject
Project("{9A19103F-16F7-4668-BE54-9A1E7A4F7556}") = "R5T.F0024.F001", "..\..\R5T.F0024\source\R5T.F0024.F001\R5T.F0024.F001.csproj", "{E0139E97-6B4A-41FF-96C7-9752ED6E6F24}"
EndProject
Project("{9A19103F-16F7-4668-BE54-9A1E7A4F7556}") = "R5T.F0033.Platform", "..\..\R5T.F0033\source\R5T.F0033.Platform\R5T.F0033.Platform.csproj", "{3B24FC64-DC7C-44C2-ACB0-63E97AAF22F6}"
EndProject
Project("{9A19103F-16F7-4668-BE54-9A1E7A4F7556}") = "R5T.L0053", "..\..\R5T.L0053\source\R5T.L0053\R5T.L0053.csproj", "{4FC5E46C-EC21-4DE7-BC3B-7E8171F78E16}"
EndProject
Project("{9A19103F-16F7-4668-BE54-9A1E7A4F7556}") = "R5T.L0066", "..\..\R5T.L0066\source\R5T.L0066\R5T.L0066.csproj", "{24EC8340-D754-40EE-92F2-F24AA49E417B}"
EndProject
Project("{9A19103F-16F7-4668-BE54-9A1E7A4F7556}") = "R5T.L0071", "..\..\R5T.L0071\source\R5T.L0071\R5T.L0071.csproj", "{BA14C387-65D0-4AF3-BC50-473B88680CF7}"
EndProject
Project("{9A19103F-16F7-4668-BE54-9A1E7A4F7556}") = "R5T.L0089.F000", "..\..\R5T.L0089\source\R5T.L0089.F000\R5T.L0089.F000.csproj", "{B58EDFDF-DCAD-45CE-896B-C346FF854283}"
EndProject
Project("{9A19103F-16F7-4668-BE54-9A1E7A4F7556}") = "R5T.L0089.T000", "..\..\R5T.L0089\source\R5T.L0089.T000\R5T.L0089.T000.csproj", "{D006F2DB-354D-4217-AA18-CEF9ED7A77C4}"
EndProject
Project("{9A19103F-16F7-4668-BE54-9A1E7A4F7556}") = "R5T.L0089", "..\..\R5T.L0089\source\R5T.L0089\R5T.L0089.csproj", "{B6CC1BF6-DDE4-4861-8CEE-226C5B995691}"
EndProject
Project("{9A19103F-16F7-4668-BE54-9A1E7A4F7556}") = "R5T.T0156", "..\..\R5T.T0156\source\R5T.T0156\R5T.T0156.csproj", "{BC65C49A-71F8-4FB2-99E0-3A88FE2B6289}"
EndProject
Project("{9A19103F-16F7-4668-BE54-9A1E7A4F7556}") = "R5T.T0178", "..\..\R5T.T0178\source\R5T.T0178\R5T.T0178.csproj", "{271EE991-78B8-4CF9-A83C-B9F4B4EB6B62}"
EndProject
Project("{9A19103F-16F7-4668-BE54-9A1E7A4F7556}") = "R5T.T0179", "..\..\R5T.T0179\source\R5T.T0179\R5T.T0179.csproj", "{E396E760-E712-4F52-989F-2D60F3C1488F}"
EndProject
Project("{9A19103F-16F7-4668-BE54-9A1E7A4F7556}") = "R5T.T0180", "..\..\R5T.T0180\source\R5T.T0180\R5T.T0180.csproj", "{DFA9F814-999D-4155-963C-899E90365AA0}"
EndProject
Project("{9A19103F-16F7-4668-BE54-9A1E7A4F7556}") = "R5T.T0181", "..\..\R5T.T0181\source\R5T.T0181\R5T.T0181.csproj", "{F8133103-51FD-4DEF-91A4-5F479F39380C}"
EndProject
Project("{9A19103F-16F7-4668-BE54-9A1E7A4F7556}") = "R5T.T0221", "..\..\R5T.T0221\source\R5T.T0221\R5T.T0221.csproj", "{BA304291-FFEC-4F56-BAAF-5AE1B91DD94E}"
EndProject
Project("{9A19103F-16F7-4668-BE54-9A1E7A4F7556}") = "R5T.T0241", "..\..\R5T.T0241\source\R5T.T0241\R5T.T0241.csproj", "{442394A7-652F-4B8C-8EEA-8332FA175A6B}"
EndProject
Project("{9A19103F-16F7-4668-BE54-9A1E7A4F7556}") = "R5T.Y0006", "..\..\R5T.Y0006\source\R5T.Y0006\R5T.Y0006.csproj", "{8E49617E-7ADD-48E0-9B84-B4C4B0402BE9}"
EndProject
Project("{9A19103F-16F7-4668-BE54-9A1E7A4F7556}") = "R5T.Z0010.Platform", "..\..\R5T.Z0010\source\R5T.Z0010.Platform\R5T.Z0010.Platform.csproj", "{58EE4289-8A47-4BEE-BC39-ED6E53392BD6}"
EndProject
Project("{9A19103F-16F7-4668-BE54-9A1E7A4F7556}") = "R5T.T0137", "..\..\R5T.T0137\source\R5T.T0137\R5T.T0137.csproj", "{7ED2E9F4-A627-48D8-A0CC-C3E472A5F367}"
EndProject
Project("{9A19103F-16F7-4668-BE54-9A1E7A4F7556}") = "R5T.L0095.T000", "..\..\R5T.L0095\source\R5T.L0095.T000\R5T.L0095.T000.csproj", "{6186FC6C-B6BC-421A-957B-B706505B532F}"
EndProject
Project("{9A19103F-16F7-4668-BE54-9A1E7A4F7556}") = "R5T.T0240", "..\..\R5T.T0240\source\R5T.T0240\R5T.T0240.csproj", "{69CAA547-B081-4B50-86F4-3FB84E0E3F82}"
EndProject
Project("{9A19103F-16F7-4668-BE54-9A1E7A4F7556}") = "R5T.F0050", "..\..\R5T.F0050\source\R5T.F0050\R5T.F0050.csproj", "{BE9755E2-7C5E-4745-924F-1240E1A7D577}"
EndProject
Project("{9A19103F-16F7-4668-BE54-9A1E7A4F7556}") = "R5T.L0091.T000", "..\..\R5T.L0091\source\R5T.L0091.T000\R5T.L0091.T000.csproj", "{9133B83E-0E5B-4C66-A3C3-5B72E6DD7F4B}"
EndProject
Project("{9A19103F-16F7-4668-BE54-9A1E7A4F7556}") = "R5T.L0092.T001", "..\..\R5T.L0092\source\R5T.L0092.T001\R5T.L0092.T001.csproj", "{366F8661-6AC0-4759-BD03-F0523E84AFA1}"
EndProject
Project("{9A19103F-16F7-4668-BE54-9A1E7A4F7556}") = "R5T.L0095.O001", "..\..\R5T.L0095\source\R5T.L0095.O001\R5T.L0095.O001.csproj", "{F495281A-5B93-421F-859D-95691549F3DE}"
EndProject
Project("{9A19103F-16F7-4668-BE54-9A1E7A4F7556}") = "R5T.L0095.O002", "..\..\R5T.L0095\source\R5T.L0095.O002\R5T.L0095.O002.csproj", "{24130E07-19A9-448C-B0E0-6A1F809C9E23}"
EndProject
Project("{9A19103F-16F7-4668-BE54-9A1E7A4F7556}") = "R5T.L0095.T001", "..\..\R5T.L0095\source\R5T.L0095.T001\R5T.L0095.T001.csproj", "{63CEE4C9-61C6-4003-BE3E-D26B9F28FA3F}"
EndProject
Project("{9A19103F-16F7-4668-BE54-9A1E7A4F7556}") = "R5T.L0095", "..\..\R5T.L0095\source\R5T.L0095\R5T.L0095.csproj", "{2EEEBC18-69DD-4079-B851-D45DBEB3E989}"
EndProject
Project("{9A19103F-16F7-4668-BE54-9A1E7A4F7556}") = "R5T.T0244", "..\..\R5T.T0244\source\R5T.T0244\R5T.T0244.csproj", "{3AB5CF37-33DB-40D3-9456-8DA79D5FE7B1}"
EndProject
Global
	GlobalSection(NestedProjects) = preSolution
		{DCB82793-765D-428B-ACE4-BA1729E49554} = {EC7220EE-3CF7-4E60-9182-72AB39B0F078}
		{E0742501-D82C-4464-9C98-68F402BB57B6} = {EC7220EE-3CF7-4E60-9182-72AB39B0F078}
		{0BE2607A-C182-44C4-B8BA-4E174A084D07} = {EC7220EE-3CF7-4E60-9182-72AB39B0F078}
		{5D16E822-13B9-44B0-9511-F4533EA2435F} = {EC7220EE-3CF7-4E60-9182-72AB39B0F078}
		{42C1F61E-9926-4D1A-938A-5BB285003787} = {EC7220EE-3CF7-4E60-9182-72AB39B0F078}
		{AD03A685-1E60-443F-843E-D58D25510DAB} = {EC7220EE-3CF7-4E60-9182-72AB39B0F078}
		{590F82AA-08C3-402E-B09C-59734DE16FD0} = {EC7220EE-3CF7-4E60-9182-72AB39B0F078}
		{3F9052ED-3F37-4FAF-A706-32393F0C5E57} = {EC7220EE-3CF7-4E60-9182-72AB39B0F078}
		{AA6661FB-835E-4074-B7FF-E16B5A135CE3} = {EC7220EE-3CF7-4E60-9182-72AB39B0F078}
		{33E4DC20-E3C4-4C11-B5F4-8222F631C98F} = {EC7220EE-3CF7-4E60-9182-72AB39B0F078}
		{A95B155D-48E4-4AE5-9089-D22229DF1BB7} = {EC7220EE-3CF7-4E60-9182-72AB39B0F078}
		{DA1412A1-0EF2-4BCF-B638-07EA8E9C7CF5} = {EC7220EE-3CF7-4E60-9182-72AB39B0F078}
		{426ED58A-CDB2-4CD2-8F61-E035E0514809} = {EC7220EE-3CF7-4E60-9182-72AB39B0F078}
		{1F2568F9-8D5C-4210-8E59-5A654E6EBE15} = {EC7220EE-3CF7-4E60-9182-72AB39B0F078}
		{2A0E86A8-C3F1-41B2-A1E9-71A1A3635387} = {EC7220EE-3CF7-4E60-9182-72AB39B0F078}
		{E835DFCF-2221-42A7-B08D-F5CE57AD0AE8} = {EC7220EE-3CF7-4E60-9182-72AB39B0F078}
		{2BFC9A4C-9FEF-493C-BBD3-002233338004} = {EC7220EE-3CF7-4E60-9182-72AB39B0F078}
		{A8A6E1CA-DC87-4F6E-8CE0-C5B8861329F1} = {EC7220EE-3CF7-4E60-9182-72AB39B0F078}
		{0E265F3B-7240-46F9-9EEC-7FCD88B2C49F} = {EC7220EE-3CF7-4E60-9182-72AB39B0F078}
		{E0139E97-6B4A-41FF-96C7-9752ED6E6F24} = {EC7220EE-3CF7-4E60-9182-72AB39B0F078}
		{3B24FC64-DC7C-44C2-ACB0-63E97AAF22F6} = {EC7220EE-3CF7-4E60-9182-72AB39B0F078}
		{4FC5E46C-EC21-4DE7-BC3B-7E8171F78E16} = {EC7220EE-3CF7-4E60-9182-72AB39B0F078}
		{24EC8340-D754-40EE-92F2-F24AA49E417B} = {EC7220EE-3CF7-4E60-9182-72AB39B0F078}
		{BA14C387-65D0-4AF3-BC50-473B88680CF7} = {EC7220EE-3CF7-4E60-9182-72AB39B0F078}
		{B58EDFDF-DCAD-45CE-896B-C346FF854283} = {EC7220EE-3CF7-4E60-9182-72AB39B0F078}
		{D006F2DB-354D-4217-AA18-CEF9ED7A77C4} = {EC7220EE-3CF7-4E60-9182-72AB39B0F078}
		{B6CC1BF6-DDE4-4861-8CEE-226C5B995691} = {EC7220EE-3CF7-4E60-9182-72AB39B0F078}
		{BC65C49A-71F8-4FB2-99E0-3A88FE2B6289} = {EC7220EE-3CF7-4E60-9182-72AB39B0F078}
		{271EE991-78B8-4CF9-A83C-B9F4B4EB6B62} = {EC7220EE-3CF7-4E60-9182-72AB39B0F078}
		{E396E760-E712-4F52-989F-2D60F3C1488F} = {EC7220EE-3CF7-4E60-9182-72AB39B0F078}
		{DFA9F814-999D-4155-963C-899E90365AA0} = {EC7220EE-3CF7-4E60-9182-72AB39B0F078}
		{F8133103-51FD-4DEF-91A4-5F479F39380C} = {EC7220EE-3CF7-4E60-9182-72AB39B0F078}
		{BA304291-FFEC-4F56-BAAF-5AE1B91DD94E} = {EC7220EE-3CF7-4E60-9182-72AB39B0F078}
		{442394A7-652F-4B8C-8EEA-8332FA175A6B} = {EC7220EE-3CF7-4E60-9182-72AB39B0F078}
		{8E49617E-7ADD-48E0-9B84-B4C4B0402BE9} = {EC7220EE-3CF7-4E60-9182-72AB39B0F078}
		{58EE4289-8A47-4BEE-BC39-ED6E53392BD6} = {EC7220EE-3CF7-4E60-9182-72AB39B0F078}
		{7ED2E9F4-A627-48D8-A0CC-C3E472A5F367} = {EC7220EE-3CF7-4E60-9182-72AB39B0F078}
		{6186FC6C-B6BC-421A-957B-B706505B532F} = {EC7220EE-3CF7-4E60-9182-72AB39B0F078}
		{69CAA547-B081-4B50-86F4-3FB84E0E3F82} = {EC7220EE-3CF7-4E60-9182-72AB39B0F078}
		{BE9755E2-7C5E-4745-924F-1240E1A7D577} = {EC7220EE-3CF7-4E60-9182-72AB39B0F078}
		{9133B83E-0E5B-4C66-A3C3-5B72E6DD7F4B} = {EC7220EE-3CF7-4E60-9182-72AB39B0F078}
		{366F8661-6AC0-4759-BD03-F0523E84AFA1} = {EC7220EE-3CF7-4E60-9182-72AB39B0F078}
		{F495281A-5B93-421F-859D-95691549F3DE} = {EC7220EE-3CF7-4E60-9182-72AB39B0F078}
		{24130E07-19A9-448C-B0E0-6A1F809C9E23} = {EC7220EE-3CF7-4E60-9182-72AB39B0F078}
		{63CEE4C9-61C6-4003-BE3E-D26B9F28FA3F} = {EC7220EE-3CF7-4E60-9182-72AB39B0F078}
		{2EEEBC18-69DD-4079-B851-D45DBEB3E989} = {EC7220EE-3CF7-4E60-9182-72AB39B0F078}
		{3AB5CF37-33DB-40D3-9456-8DA79D5FE7B1} = {EC7220EE-3CF7-4E60-9182-72AB39B0F078}
	EndGlobalSection
	GlobalSection(SolutionConfigurationPlatforms) = preSolution
		Debug|Any CPU = Debug|Any CPU
		Release|Any CPU = Release|Any CPU
	EndGlobalSection
	GlobalSection(ProjectConfigurationPlatforms) = postSolution
		{8585B949-442E-445B-B412-71F4A00D75A3}.Debug|Any CPU.ActiveCfg = Debug|Any CPU
		{8585B949-442E-445B-B412-71F4A00D75A3}.Debug|Any CPU.Build.0 = Debug|Any CPU
		{8585B949-442E-445B-B412-71F4A00D75A3}.Release|Any CPU.ActiveCfg = Release|Any CPU
		{8585B949-442E-445B-B412-71F4A00D75A3}.Release|Any CPU.Build.0 = Release|Any CPU
		{DCB82793-765D-428B-ACE4-BA1729E49554}.Debug|Any CPU.ActiveCfg = Debug|Any CPU
		{DCB82793-765D-428B-ACE4-BA1729E49554}.Debug|Any CPU.Build.0 = Debug|Any CPU
		{DCB82793-765D-428B-ACE4-BA1729E49554}.Release|Any CPU.ActiveCfg = Release|Any CPU
		{DCB82793-765D-428B-ACE4-BA1729E49554}.Release|Any CPU.Build.0 = Release|Any CPU
		{E0742501-D82C-4464-9C98-68F402BB57B6}.Debug|Any CPU.ActiveCfg = Debug|Any CPU
		{E0742501-D82C-4464-9C98-68F402BB57B6}.Debug|Any CPU.Build.0 = Debug|Any CPU
		{E0742501-D82C-4464-9C98-68F402BB57B6}.Release|Any CPU.ActiveCfg = Release|Any CPU
		{E0742501-D82C-4464-9C98-68F402BB57B6}.Release|Any CPU.Build.0 = Release|Any CPU
		{0BE2607A-C182-44C4-B8BA-4E174A084D07}.Debug|Any CPU.ActiveCfg = Debug|Any CPU
		{0BE2607A-C182-44C4-B8BA-4E174A084D07}.Debug|Any CPU.Build.0 = Debug|Any CPU
		{0BE2607A-C182-44C4-B8BA-4E174A084D07}.Release|Any CPU.ActiveCfg = Release|Any CPU
		{0BE2607A-C182-44C4-B8BA-4E174A084D07}.Release|Any CPU.Build.0 = Release|Any CPU
		{5D16E822-13B9-44B0-9511-F4533EA2435F}.Debug|Any CPU.ActiveCfg = Debug|Any CPU
		{5D16E822-13B9-44B0-9511-F4533EA2435F}.Debug|Any CPU.Build.0 = Debug|Any CPU
		{5D16E822-13B9-44B0-9511-F4533EA2435F}.Release|Any CPU.ActiveCfg = Release|Any CPU
		{5D16E822-13B9-44B0-9511-F4533EA2435F}.Release|Any CPU.Build.0 = Release|Any CPU
		{42C1F61E-9926-4D1A-938A-5BB285003787}.Debug|Any CPU.ActiveCfg = Debug|Any CPU
		{42C1F61E-9926-4D1A-938A-5BB285003787}.Debug|Any CPU.Build.0 = Debug|Any CPU
		{42C1F61E-9926-4D1A-938A-5BB285003787}.Release|Any CPU.ActiveCfg = Release|Any CPU
		{42C1F61E-9926-4D1A-938A-5BB285003787}.Release|Any CPU.Build.0 = Release|Any CPU
		{AD03A685-1E60-443F-843E-D58D25510DAB}.Debug|Any CPU.ActiveCfg = Debug|Any CPU
		{AD03A685-1E60-443F-843E-D58D25510DAB}.Debug|Any CPU.Build.0 = Debug|Any CPU
		{AD03A685-1E60-443F-843E-D58D25510DAB}.Release|Any CPU.ActiveCfg = Release|Any CPU
		{AD03A685-1E60-443F-843E-D58D25510DAB}.Release|Any CPU.Build.0 = Release|Any CPU
		{590F82AA-08C3-402E-B09C-59734DE16FD0}.Debug|Any CPU.ActiveCfg = Debug|Any CPU
		{590F82AA-08C3-402E-B09C-59734DE16FD0}.Debug|Any CPU.Build.0 = Debug|Any CPU
		{590F82AA-08C3-402E-B09C-59734DE16FD0}.Release|Any CPU.ActiveCfg = Release|Any CPU
		{590F82AA-08C3-402E-B09C-59734DE16FD0}.Release|Any CPU.Build.0 = Release|Any CPU
		{3F9052ED-3F37-4FAF-A706-32393F0C5E57}.Debug|Any CPU.ActiveCfg = Debug|Any CPU
		{3F9052ED-3F37-4FAF-A706-32393F0C5E57}.Debug|Any CPU.Build.0 = Debug|Any CPU
		{3F9052ED-3F37-4FAF-A706-32393F0C5E57}.Release|Any CPU.ActiveCfg = Release|Any CPU
		{3F9052ED-3F37-4FAF-A706-32393F0C5E57}.Release|Any CPU.Build.0 = Release|Any CPU
		{AA6661FB-835E-4074-B7FF-E16B5A135CE3}.Debug|Any CPU.ActiveCfg = Debug|Any CPU
		{AA6661FB-835E-4074-B7FF-E16B5A135CE3}.Debug|Any CPU.Build.0 = Debug|Any CPU
		{AA6661FB-835E-4074-B7FF-E16B5A135CE3}.Release|Any CPU.ActiveCfg = Release|Any CPU
		{AA6661FB-835E-4074-B7FF-E16B5A135CE3}.Release|Any CPU.Build.0 = Release|Any CPU
		{33E4DC20-E3C4-4C11-B5F4-8222F631C98F}.Debug|Any CPU.ActiveCfg = Debug|Any CPU
		{33E4DC20-E3C4-4C11-B5F4-8222F631C98F}.Debug|Any CPU.Build.0 = Debug|Any CPU
		{33E4DC20-E3C4-4C11-B5F4-8222F631C98F}.Release|Any CPU.ActiveCfg = Release|Any CPU
		{33E4DC20-E3C4-4C11-B5F4-8222F631C98F}.Release|Any CPU.Build.0 = Release|Any CPU
		{A95B155D-48E4-4AE5-9089-D22229DF1BB7}.Debug|Any CPU.ActiveCfg = Debug|Any CPU
		{A95B155D-48E4-4AE5-9089-D22229DF1BB7}.Debug|Any CPU.Build.0 = Debug|Any CPU
		{A95B155D-48E4-4AE5-9089-D22229DF1BB7}.Release|Any CPU.ActiveCfg = Release|Any CPU
		{A95B155D-48E4-4AE5-9089-D22229DF1BB7}.Release|Any CPU.Build.0 = Release|Any CPU
		{DA1412A1-0EF2-4BCF-B638-07EA8E9C7CF5}.Debug|Any CPU.ActiveCfg = Debug|Any CPU
		{DA1412A1-0EF2-4BCF-B638-07EA8E9C7CF5}.Debug|Any CPU.Build.0 = Debug|Any CPU
		{DA1412A1-0EF2-4BCF-B638-07EA8E9C7CF5}.Release|Any CPU.ActiveCfg = Release|Any CPU
		{DA1412A1-0EF2-4BCF-B638-07EA8E9C7CF5}.Release|Any CPU.Build.0 = Release|Any CPU
		{426ED58A-CDB2-4CD2-8F61-E035E0514809}.Debug|Any CPU.ActiveCfg = Debug|Any CPU
		{426ED58A-CDB2-4CD2-8F61-E035E0514809}.Debug|Any CPU.Build.0 = Debug|Any CPU
		{426ED58A-CDB2-4CD2-8F61-E035E0514809}.Release|Any CPU.ActiveCfg = Release|Any CPU
		{426ED58A-CDB2-4CD2-8F61-E035E0514809}.Release|Any CPU.Build.0 = Release|Any CPU
		{1F2568F9-8D5C-4210-8E59-5A654E6EBE15}.Debug|Any CPU.ActiveCfg = Debug|Any CPU
		{1F2568F9-8D5C-4210-8E59-5A654E6EBE15}.Debug|Any CPU.Build.0 = Debug|Any CPU
		{1F2568F9-8D5C-4210-8E59-5A654E6EBE15}.Release|Any CPU.ActiveCfg = Release|Any CPU
		{1F2568F9-8D5C-4210-8E59-5A654E6EBE15}.Release|Any CPU.Build.0 = Release|Any CPU
		{2A0E86A8-C3F1-41B2-A1E9-71A1A3635387}.Debug|Any CPU.ActiveCfg = Debug|Any CPU
		{2A0E86A8-C3F1-41B2-A1E9-71A1A3635387}.Debug|Any CPU.Build.0 = Debug|Any CPU
		{2A0E86A8-C3F1-41B2-A1E9-71A1A3635387}.Release|Any CPU.ActiveCfg = Release|Any CPU
		{2A0E86A8-C3F1-41B2-A1E9-71A1A3635387}.Release|Any CPU.Build.0 = Release|Any CPU
		{E835DFCF-2221-42A7-B08D-F5CE57AD0AE8}.Debug|Any CPU.ActiveCfg = Debug|Any CPU
		{E835DFCF-2221-42A7-B08D-F5CE57AD0AE8}.Debug|Any CPU.Build.0 = Debug|Any CPU
		{E835DFCF-2221-42A7-B08D-F5CE57AD0AE8}.Release|Any CPU.ActiveCfg = Release|Any CPU
		{E835DFCF-2221-42A7-B08D-F5CE57AD0AE8}.Release|Any CPU.Build.0 = Release|Any CPU
		{2BFC9A4C-9FEF-493C-BBD3-002233338004}.Debug|Any CPU.ActiveCfg = Debug|Any CPU
		{2BFC9A4C-9FEF-493C-BBD3-002233338004}.Debug|Any CPU.Build.0 = Debug|Any CPU
		{2BFC9A4C-9FEF-493C-BBD3-002233338004}.Release|Any CPU.ActiveCfg = Release|Any CPU
		{2BFC9A4C-9FEF-493C-BBD3-002233338004}.Release|Any CPU.Build.0 = Release|Any CPU
		{A8A6E1CA-DC87-4F6E-8CE0-C5B8861329F1}.Debug|Any CPU.ActiveCfg = Debug|Any CPU
		{A8A6E1CA-DC87-4F6E-8CE0-C5B8861329F1}.Debug|Any CPU.Build.0 = Debug|Any CPU
		{A8A6E1CA-DC87-4F6E-8CE0-C5B8861329F1}.Release|Any CPU.ActiveCfg = Release|Any CPU
		{A8A6E1CA-DC87-4F6E-8CE0-C5B8861329F1}.Release|Any CPU.Build.0 = Release|Any CPU
		{0E265F3B-7240-46F9-9EEC-7FCD88B2C49F}.Debug|Any CPU.ActiveCfg = Debug|Any CPU
		{0E265F3B-7240-46F9-9EEC-7FCD88B2C49F}.Debug|Any CPU.Build.0 = Debug|Any CPU
		{0E265F3B-7240-46F9-9EEC-7FCD88B2C49F}.Release|Any CPU.ActiveCfg = Release|Any CPU
		{0E265F3B-7240-46F9-9EEC-7FCD88B2C49F}.Release|Any CPU.Build.0 = Release|Any CPU
		{E0139E97-6B4A-41FF-96C7-9752ED6E6F24}.Debug|Any CPU.ActiveCfg = Debug|Any CPU
		{E0139E97-6B4A-41FF-96C7-9752ED6E6F24}.Debug|Any CPU.Build.0 = Debug|Any CPU
		{E0139E97-6B4A-41FF-96C7-9752ED6E6F24}.Release|Any CPU.ActiveCfg = Release|Any CPU
		{E0139E97-6B4A-41FF-96C7-9752ED6E6F24}.Release|Any CPU.Build.0 = Release|Any CPU
		{3B24FC64-DC7C-44C2-ACB0-63E97AAF22F6}.Debug|Any CPU.ActiveCfg = Debug|Any CPU
		{3B24FC64-DC7C-44C2-ACB0-63E97AAF22F6}.Debug|Any CPU.Build.0 = Debug|Any CPU
		{3B24FC64-DC7C-44C2-ACB0-63E97AAF22F6}.Release|Any CPU.ActiveCfg = Release|Any CPU
		{3B24FC64-DC7C-44C2-ACB0-63E97AAF22F6}.Release|Any CPU.Build.0 = Release|Any CPU
		{4FC5E46C-EC21-4DE7-BC3B-7E8171F78E16}.Debug|Any CPU.ActiveCfg = Debug|Any CPU
		{4FC5E46C-EC21-4DE7-BC3B-7E8171F78E16}.Debug|Any CPU.Build.0 = Debug|Any CPU
		{4FC5E46C-EC21-4DE7-BC3B-7E8171F78E16}.Release|Any CPU.ActiveCfg = Release|Any CPU
		{4FC5E46C-EC21-4DE7-BC3B-7E8171F78E16}.Release|Any CPU.Build.0 = Release|Any CPU
		{24EC8340-D754-40EE-92F2-F24AA49E417B}.Debug|Any CPU.ActiveCfg = Debug|Any CPU
		{24EC8340-D754-40EE-92F2-F24AA49E417B}.Debug|Any CPU.Build.0 = Debug|Any CPU
		{24EC8340-D754-40EE-92F2-F24AA49E417B}.Release|Any CPU.ActiveCfg = Release|Any CPU
		{24EC8340-D754-40EE-92F2-F24AA49E417B}.Release|Any CPU.Build.0 = Release|Any CPU
		{BA14C387-65D0-4AF3-BC50-473B88680CF7}.Debug|Any CPU.ActiveCfg = Debug|Any CPU
		{BA14C387-65D0-4AF3-BC50-473B88680CF7}.Debug|Any CPU.Build.0 = Debug|Any CPU
		{BA14C387-65D0-4AF3-BC50-473B88680CF7}.Release|Any CPU.ActiveCfg = Release|Any CPU
		{BA14C387-65D0-4AF3-BC50-473B88680CF7}.Release|Any CPU.Build.0 = Release|Any CPU
		{B58EDFDF-DCAD-45CE-896B-C346FF854283}.Debug|Any CPU.ActiveCfg = Debug|Any CPU
		{B58EDFDF-DCAD-45CE-896B-C346FF854283}.Debug|Any CPU.Build.0 = Debug|Any CPU
		{B58EDFDF-DCAD-45CE-896B-C346FF854283}.Release|Any CPU.ActiveCfg = Release|Any CPU
		{B58EDFDF-DCAD-45CE-896B-C346FF854283}.Release|Any CPU.Build.0 = Release|Any CPU
		{D006F2DB-354D-4217-AA18-CEF9ED7A77C4}.Debug|Any CPU.ActiveCfg = Debug|Any CPU
		{D006F2DB-354D-4217-AA18-CEF9ED7A77C4}.Debug|Any CPU.Build.0 = Debug|Any CPU
		{D006F2DB-354D-4217-AA18-CEF9ED7A77C4}.Release|Any CPU.ActiveCfg = Release|Any CPU
		{D006F2DB-354D-4217-AA18-CEF9ED7A77C4}.Release|Any CPU.Build.0 = Release|Any CPU
		{B6CC1BF6-DDE4-4861-8CEE-226C5B995691}.Debug|Any CPU.ActiveCfg = Debug|Any CPU
		{B6CC1BF6-DDE4-4861-8CEE-226C5B995691}.Debug|Any CPU.Build.0 = Debug|Any CPU
		{B6CC1BF6-DDE4-4861-8CEE-226C5B995691}.Release|Any CPU.ActiveCfg = Release|Any CPU
		{B6CC1BF6-DDE4-4861-8CEE-226C5B995691}.Release|Any CPU.Build.0 = Release|Any CPU
		{BC65C49A-71F8-4FB2-99E0-3A88FE2B6289}.Debug|Any CPU.ActiveCfg = Debug|Any CPU
		{BC65C49A-71F8-4FB2-99E0-3A88FE2B6289}.Debug|Any CPU.Build.0 = Debug|Any CPU
		{BC65C49A-71F8-4FB2-99E0-3A88FE2B6289}.Release|Any CPU.ActiveCfg = Release|Any CPU
		{BC65C49A-71F8-4FB2-99E0-3A88FE2B6289}.Release|Any CPU.Build.0 = Release|Any CPU
		{271EE991-78B8-4CF9-A83C-B9F4B4EB6B62}.Debug|Any CPU.ActiveCfg = Debug|Any CPU
		{271EE991-78B8-4CF9-A83C-B9F4B4EB6B62}.Debug|Any CPU.Build.0 = Debug|Any CPU
		{271EE991-78B8-4CF9-A83C-B9F4B4EB6B62}.Release|Any CPU.ActiveCfg = Release|Any CPU
		{271EE991-78B8-4CF9-A83C-B9F4B4EB6B62}.Release|Any CPU.Build.0 = Release|Any CPU
		{E396E760-E712-4F52-989F-2D60F3C1488F}.Debug|Any CPU.ActiveCfg = Debug|Any CPU
		{E396E760-E712-4F52-989F-2D60F3C1488F}.Debug|Any CPU.Build.0 = Debug|Any CPU
		{E396E760-E712-4F52-989F-2D60F3C1488F}.Release|Any CPU.ActiveCfg = Release|Any CPU
		{E396E760-E712-4F52-989F-2D60F3C1488F}.Release|Any CPU.Build.0 = Release|Any CPU
		{DFA9F814-999D-4155-963C-899E90365AA0}.Debug|Any CPU.ActiveCfg = Debug|Any CPU
		{DFA9F814-999D-4155-963C-899E90365AA0}.Debug|Any CPU.Build.0 = Debug|Any CPU
		{DFA9F814-999D-4155-963C-899E90365AA0}.Release|Any CPU.ActiveCfg = Release|Any CPU
		{DFA9F814-999D-4155-963C-899E90365AA0}.Release|Any CPU.Build.0 = Release|Any CPU
		{F8133103-51FD-4DEF-91A4-5F479F39380C}.Debug|Any CPU.ActiveCfg = Debug|Any CPU
		{F8133103-51FD-4DEF-91A4-5F479F39380C}.Debug|Any CPU.Build.0 = Debug|Any CPU
		{F8133103-51FD-4DEF-91A4-5F479F39380C}.Release|Any CPU.ActiveCfg = Release|Any CPU
		{F8133103-51FD-4DEF-91A4-5F479F39380C}.Release|Any CPU.Build.0 = Release|Any CPU
		{BA304291-FFEC-4F56-BAAF-5AE1B91DD94E}.Debug|Any CPU.ActiveCfg = Debug|Any CPU
		{BA304291-FFEC-4F56-BAAF-5AE1B91DD94E}.Debug|Any CPU.Build.0 = Debug|Any CPU
		{BA304291-FFEC-4F56-BAAF-5AE1B91DD94E}.Release|Any CPU.ActiveCfg = Release|Any CPU
		{BA304291-FFEC-4F56-BAAF-5AE1B91DD94E}.Release|Any CPU.Build.0 = Release|Any CPU
		{442394A7-652F-4B8C-8EEA-8332FA175A6B}.Debug|Any CPU.ActiveCfg = Debug|Any CPU
		{442394A7-652F-4B8C-8EEA-8332FA175A6B}.Debug|Any CPU.Build.0 = Debug|Any CPU
		{442394A7-652F-4B8C-8EEA-8332FA175A6B}.Release|Any CPU.ActiveCfg = Release|Any CPU
		{442394A7-652F-4B8C-8EEA-8332FA175A6B}.Release|Any CPU.Build.0 = Release|Any CPU
		{8E49617E-7ADD-48E0-9B84-B4C4B0402BE9}.Debug|Any CPU.ActiveCfg = Debug|Any CPU
		{8E49617E-7ADD-48E0-9B84-B4C4B0402BE9}.Debug|Any CPU.Build.0 = Debug|Any CPU
		{8E49617E-7ADD-48E0-9B84-B4C4B0402BE9}.Release|Any CPU.ActiveCfg = Release|Any CPU
		{8E49617E-7ADD-48E0-9B84-B4C4B0402BE9}.Release|Any CPU.Build.0 = Release|Any CPU
		{58EE4289-8A47-4BEE-BC39-ED6E53392BD6}.Debug|Any CPU.ActiveCfg = Debug|Any CPU
		{58EE4289-8A47-4BEE-BC39-ED6E53392BD6}.Debug|Any CPU.Build.0 = Debug|Any CPU
		{58EE4289-8A47-4BEE-BC39-ED6E53392BD6}.Release|Any CPU.ActiveCfg = Release|Any CPU
		{58EE4289-8A47-4BEE-BC39-ED6E53392BD6}.Release|Any CPU.Build.0 = Release|Any CPU
		{7ED2E9F4-A627-48D8-A0CC-C3E472A5F367}.Debug|Any CPU.ActiveCfg = Debug|Any CPU
		{7ED2E9F4-A627-48D8-A0CC-C3E472A5F367}.Debug|Any CPU.Build.0 = Debug|Any CPU
		{7ED2E9F4-A627-48D8-A0CC-C3E472A5F367}.Release|Any CPU.ActiveCfg = Release|Any CPU
		{7ED2E9F4-A627-48D8-A0CC-C3E472A5F367}.Release|Any CPU.Build.0 = Release|Any CPU
		{6186FC6C-B6BC-421A-957B-B706505B532F}.Debug|Any CPU.ActiveCfg = Debug|Any CPU
		{6186FC6C-B6BC-421A-957B-B706505B532F}.Debug|Any CPU.Build.0 = Debug|Any CPU
		{6186FC6C-B6BC-421A-957B-B706505B532F}.Release|Any CPU.ActiveCfg = Release|Any CPU
		{6186FC6C-B6BC-421A-957B-B706505B532F}.Release|Any CPU.Build.0 = Release|Any CPU
		{69CAA547-B081-4B50-86F4-3FB84E0E3F82}.Debug|Any CPU.ActiveCfg = Debug|Any CPU
		{69CAA547-B081-4B50-86F4-3FB84E0E3F82}.Debug|Any CPU.Build.0 = Debug|Any CPU
		{69CAA547-B081-4B50-86F4-3FB84E0E3F82}.Release|Any CPU.ActiveCfg = Release|Any CPU
		{69CAA547-B081-4B50-86F4-3FB84E0E3F82}.Release|Any CPU.Build.0 = Release|Any CPU
		{BE9755E2-7C5E-4745-924F-1240E1A7D577}.Debug|Any CPU.ActiveCfg = Debug|Any CPU
		{BE9755E2-7C5E-4745-924F-1240E1A7D577}.Debug|Any CPU.Build.0 = Debug|Any CPU
		{BE9755E2-7C5E-4745-924F-1240E1A7D577}.Release|Any CPU.ActiveCfg = Release|Any CPU
		{BE9755E2-7C5E-4745-924F-1240E1A7D577}.Release|Any CPU.Build.0 = Release|Any CPU
		{9133B83E-0E5B-4C66-A3C3-5B72E6DD7F4B}.Debug|Any CPU.ActiveCfg = Debug|Any CPU
		{9133B83E-0E5B-4C66-A3C3-5B72E6DD7F4B}.Debug|Any CPU.Build.0 = Debug|Any CPU
		{9133B83E-0E5B-4C66-A3C3-5B72E6DD7F4B}.Release|Any CPU.ActiveCfg = Release|Any CPU
		{9133B83E-0E5B-4C66-A3C3-5B72E6DD7F4B}.Release|Any CPU.Build.0 = Release|Any CPU
		{366F8661-6AC0-4759-BD03-F0523E84AFA1}.Debug|Any CPU.ActiveCfg = Debug|Any CPU
		{366F8661-6AC0-4759-BD03-F0523E84AFA1}.Debug|Any CPU.Build.0 = Debug|Any CPU
		{366F8661-6AC0-4759-BD03-F0523E84AFA1}.Release|Any CPU.ActiveCfg = Release|Any CPU
		{366F8661-6AC0-4759-BD03-F0523E84AFA1}.Release|Any CPU.Build.0 = Release|Any CPU
		{F495281A-5B93-421F-859D-95691549F3DE}.Debug|Any CPU.ActiveCfg = Debug|Any CPU
		{F495281A-5B93-421F-859D-95691549F3DE}.Debug|Any CPU.Build.0 = Debug|Any CPU
		{F495281A-5B93-421F-859D-95691549F3DE}.Release|Any CPU.ActiveCfg = Release|Any CPU
		{F495281A-5B93-421F-859D-95691549F3DE}.Release|Any CPU.Build.0 = Release|Any CPU
		{24130E07-19A9-448C-B0E0-6A1F809C9E23}.Debug|Any CPU.ActiveCfg = Debug|Any CPU
		{24130E07-19A9-448C-B0E0-6A1F809C9E23}.Debug|Any CPU.Build.0 = Debug|Any CPU
		{24130E07-19A9-448C-B0E0-6A1F809C9E23}.Release|Any CPU.ActiveCfg = Release|Any CPU
		{24130E07-19A9-448C-B0E0-6A1F809C9E23}.Release|Any CPU.Build.0 = Release|Any CPU
		{63CEE4C9-61C6-4003-BE3E-D26B9F28FA3F}.Debug|Any CPU.ActiveCfg = Debug|Any CPU
		{63CEE4C9-61C6-4003-BE3E-D26B9F28FA3F}.Debug|Any CPU.Build.0 = Debug|Any CPU
		{63CEE4C9-61C6-4003-BE3E-D26B9F28FA3F}.Release|Any CPU.ActiveCfg = Release|Any CPU
		{63CEE4C9-61C6-4003-BE3E-D26B9F28FA3F}.Release|Any CPU.Build.0 = Release|Any CPU
		{2EEEBC18-69DD-4079-B851-D45DBEB3E989}.Debug|Any CPU.ActiveCfg = Debug|Any CPU
		{2EEEBC18-69DD-4079-B851-D45DBEB3E989}.Debug|Any CPU.Build.0 = Debug|Any CPU
		{2EEEBC18-69DD-4079-B851-D45DBEB3E989}.Release|Any CPU.ActiveCfg = Release|Any CPU
		{2EEEBC18-69DD-4079-B851-D45DBEB3E989}.Release|Any CPU.Build.0 = Release|Any CPU
		{3AB5CF37-33DB-40D3-9456-8DA79D5FE7B1}.Debug|Any CPU.ActiveCfg = Debug|Any CPU
		{3AB5CF37-33DB-40D3-9456-8DA79D5FE7B1}.Debug|Any CPU.Build.0 = Debug|Any CPU
		{3AB5CF37-33DB-40D3-9456-8DA79D5FE7B1}.Release|Any CPU.ActiveCfg = Release|Any CPU
		{3AB5CF37-33DB-40D3-9456-8DA79D5FE7B1}.Release|Any CPU.Build.0 = Release|Any CPU
	EndGlobalSection
	GlobalSection(SolutionProperties) = preSolution
		HideSolutionNode = FALSE
	EndGlobalSection
	GlobalSection(ExtensibilityGlobals) = postSolution
		SolutionGuid = {90C495DA-1186-46F1-ADF8-EDD3BC50F47E}
	EndGlobalSection
EndGlobal
